
Microsoft Visual Studio Solution File, Format Version 12.00
# Visual Studio Version 16
VisualStudioVersion = 16.0.30804.86
MinimumVisualStudioVersion = 15.0.26124.0
Project("{9A19103F-16F7-4668-BE54-9A1E7A4F7556}") = "SportsStore", "SportsStore\SportsStore.csproj", "{1FDDE534-D0F1-418D-B592-53A3F429E999}"
EndProject
Project("{9A19103F-16F7-4668-BE54-9A1E7A4F7556}") = "SportsStore.Tests", "SportsStore.Tests\SportsStore.Tests.csproj", "{25D07075-582F-4B97-8D24-AD2C387ED2D3}"
EndProject
Global
	GlobalSection(SolutionConfigurationPlatforms) = preSolution
		Debug|Any CPU = Debug|Any CPU
		Debug|x64 = Debug|x64
		Debug|x86 = Debug|x86
		Release|Any CPU = Release|Any CPU
		Release|x64 = Release|x64
		Release|x86 = Release|x86
	EndGlobalSection
	GlobalSection(ProjectConfigurationPlatforms) = postSolution
		{1FDDE534-D0F1-418D-B592-53A3F429E999}.Debug|Any CPU.ActiveCfg = Debug|Any CPU
		{1FDDE534-D0F1-418D-B592-53A3F429E999}.Debug|Any CPU.Build.0 = Debug|Any CPU
		{1FDDE534-D0F1-418D-B592-53A3F429E999}.Debug|x64.ActiveCfg = Debug|Any CPU
		{1FDDE534-D0F1-418D-B592-53A3F429E999}.Debug|x64.Build.0 = Debug|Any CPU
		{1FDDE534-D0F1-418D-B592-53A3F429E999}.Debug|x86.ActiveCfg = Debug|Any CPU
		{1FDDE534-D0F1-418D-B592-53A3F429E999}.Debug|x86.Build.0 = Debug|Any CPU
		{1FDDE534-D0F1-418D-B592-53A3F429E999}.Release|Any CPU.ActiveCfg = Release|Any CPU
		{1FDDE534-D0F1-418D-B592-53A3F429E999}.Release|Any CPU.Build.0 = Release|Any CPU
		{1FDDE534-D0F1-418D-B592-53A3F429E999}.Release|x64.ActiveCfg = Release|Any CPU
		{1FDDE534-D0F1-418D-B592-53A3F429E999}.Release|x64.Build.0 = Release|Any CPU
		{1FDDE534-D0F1-418D-B592-53A3F429E999}.Release|x86.ActiveCfg = Release|Any CPU
		{1FDDE534-D0F1-418D-B592-53A3F429E999}.Release|x86.Build.0 = Release|Any CPU
		{25D07075-582F-4B97-8D24-AD2C387ED2D3}.Debug|Any CPU.ActiveCfg = Debug|Any CPU
		{25D07075-582F-4B97-8D24-AD2C387ED2D3}.Debug|Any CPU.Build.0 = Debug|Any CPU
		{25D07075-582F-4B97-8D24-AD2C387ED2D3}.Debug|x64.ActiveCfg = Debug|Any CPU
		{25D07075-582F-4B97-8D24-AD2C387ED2D3}.Debug|x64.Build.0 = Debug|Any CPU
		{25D07075-582F-4B97-8D24-AD2C387ED2D3}.Debug|x86.ActiveCfg = Debug|Any CPU
		{25D07075-582F-4B97-8D24-AD2C387ED2D3}.Debug|x86.Build.0 = Debug|Any CPU
		{25D07075-582F-4B97-8D24-AD2C387ED2D3}.Release|Any CPU.ActiveCfg = Release|Any CPU
		{25D07075-582F-4B97-8D24-AD2C387ED2D3}.Release|Any CPU.Build.0 = Release|Any CPU
		{25D07075-582F-4B97-8D24-AD2C387ED2D3}.Release|x64.ActiveCfg = Release|Any CPU
		{25D07075-582F-4B97-8D24-AD2C387ED2D3}.Release|x64.Build.0 = Release|Any CPU
		{25D07075-582F-4B97-8D24-AD2C387ED2D3}.Release|x86.ActiveCfg = Release|Any CPU
		{25D07075-582F-4B97-8D24-AD2C387ED2D3}.Release|x86.Build.0 = Release|Any CPU
	EndGlobalSection
	GlobalSection(SolutionProperties) = preSolution
		HideSolutionNode = FALSE
	EndGlobalSection
	GlobalSection(ExtensibilityGlobals) = postSolution
		SolutionGuid = {B1F4668F-62C4-42BF-9C51-1D78A87C81EB}
	EndGlobalSection
EndGlobal
